
Microsoft Visual Studio Solution File, Format Version 12.00
# Visual Studio 2013
VisualStudioVersion = 12.0.21005.1
MinimumVisualStudioVersion = 10.0.40219.1
Project("{FAE04EC0-301F-11D3-BF4B-00C04F79EFBC}") = "AOWEN.Web", "AOWEN.Web\AOWEN.Web.csproj", "{6C7E2683-DDDA-46C0-8B53-8ECAF7D46ED0}"
EndProject
Project("{FAE04EC0-301F-11D3-BF4B-00C04F79EFBC}") = "AOWEN.Web.Tests", "AOWEN.Web.Tests\AOWEN.Web.Tests.csproj", "{9705A295-D07C-49EB-9EB8-AD0643C079E5}"
EndProject
Project("{FAE04EC0-301F-11D3-BF4B-00C04F79EFBC}") = "AOWEN.BLL", "AOWEN.BLL\AOWEN.BLL.csproj", "{2642A126-7438-4875-840C-FC8F3F48D32B}"
EndProject
Project("{FAE04EC0-301F-11D3-BF4B-00C04F79EFBC}") = "AOWEN.DAL", "AOWEN.DAL\AOWEN.DAL.csproj", "{C7BE71A4-33FE-408A-8C34-7E001B14DDCF}"
EndProject
Project("{FAE04EC0-301F-11D3-BF4B-00C04F79EFBC}") = "AOWEN.Model", "AOWEN.Model\AOWEN.Model.csproj", "{BDF37282-9CED-454E-9314-20FC74AA6CF6}"
EndProject
Project("{FAE04EC0-301F-11D3-BF4B-00C04F79EFBC}") = "AOWEN.Common", "AOWEN.Common\AOWEN.Common.csproj", "{3195CFAD-043C-49AA-A35A-39C72496B32B}"
EndProject
Global
	GlobalSection(SolutionConfigurationPlatforms) = preSolution
		Debug|Any CPU = Debug|Any CPU
		Release|Any CPU = Release|Any CPU
	EndGlobalSection
	GlobalSection(ProjectConfigurationPlatforms) = postSolution
		{6C7E2683-DDDA-46C0-8B53-8ECAF7D46ED0}.Debug|Any CPU.ActiveCfg = Debug|Any CPU
		{6C7E2683-DDDA-46C0-8B53-8ECAF7D46ED0}.Debug|Any CPU.Build.0 = Debug|Any CPU
		{6C7E2683-DDDA-46C0-8B53-8ECAF7D46ED0}.Release|Any CPU.ActiveCfg = Release|Any CPU
		{6C7E2683-DDDA-46C0-8B53-8ECAF7D46ED0}.Release|Any CPU.Build.0 = Release|Any CPU
		{9705A295-D07C-49EB-9EB8-AD0643C079E5}.Debug|Any CPU.ActiveCfg = Debug|Any CPU
		{9705A295-D07C-49EB-9EB8-AD0643C079E5}.Debug|Any CPU.Build.0 = Debug|Any CPU
		{9705A295-D07C-49EB-9EB8-AD0643C079E5}.Release|Any CPU.ActiveCfg = Release|Any CPU
		{9705A295-D07C-49EB-9EB8-AD0643C079E5}.Release|Any CPU.Build.0 = Release|Any CPU
		{2642A126-7438-4875-840C-FC8F3F48D32B}.Debug|Any CPU.ActiveCfg = Debug|Any CPU
		{2642A126-7438-4875-840C-FC8F3F48D32B}.Debug|Any CPU.Build.0 = Debug|Any CPU
		{2642A126-7438-4875-840C-FC8F3F48D32B}.Release|Any CPU.ActiveCfg = Release|Any CPU
		{2642A126-7438-4875-840C-FC8F3F48D32B}.Release|Any CPU.Build.0 = Release|Any CPU
		{C7BE71A4-33FE-408A-8C34-7E001B14DDCF}.Debug|Any CPU.ActiveCfg = Debug|Any CPU
		{C7BE71A4-33FE-408A-8C34-7E001B14DDCF}.Debug|Any CPU.Build.0 = Debug|Any CPU
		{C7BE71A4-33FE-408A-8C34-7E001B14DDCF}.Release|Any CPU.ActiveCfg = Release|Any CPU
		{C7BE71A4-33FE-408A-8C34-7E001B14DDCF}.Release|Any CPU.Build.0 = Release|Any CPU
		{BDF37282-9CED-454E-9314-20FC74AA6CF6}.Debug|Any CPU.ActiveCfg = Debug|Any CPU
		{BDF37282-9CED-454E-9314-20FC74AA6CF6}.Debug|Any CPU.Build.0 = Debug|Any CPU
		{BDF37282-9CED-454E-9314-20FC74AA6CF6}.Release|Any CPU.ActiveCfg = Release|Any CPU
		{BDF37282-9CED-454E-9314-20FC74AA6CF6}.Release|Any CPU.Build.0 = Release|Any CPU
		{3195CFAD-043C-49AA-A35A-39C72496B32B}.Debug|Any CPU.ActiveCfg = Debug|Any CPU
		{3195CFAD-043C-49AA-A35A-39C72496B32B}.Debug|Any CPU.Build.0 = Debug|Any CPU
		{3195CFAD-043C-49AA-A35A-39C72496B32B}.Release|Any CPU.ActiveCfg = Release|Any CPU
		{3195CFAD-043C-49AA-A35A-39C72496B32B}.Release|Any CPU.Build.0 = Release|Any CPU
	EndGlobalSection
	GlobalSection(SolutionProperties) = preSolution
		HideSolutionNode = FALSE
	EndGlobalSection
EndGlobal
